Microsoft Visual Studio Solution File, Format Version 11.00
# Visual Studio 2008

Project("{374DDDE6-9368-BB0E-8EC2-8399465D6EAE}") = "Game (GitHub)", "Assembly-CSharp-firstpass.csproj", "{93B56B03-2138-A477-807E-0CCD1E5BC85A}"
EndProject
Project("{374DDDE6-9368-BB0E-8EC2-8399465D6EAE}") = "Game (GitHub)", "Assembly-CSharp.csproj", "{D85FF509-A77A-678C-DD69-535C647EB1B6}"
EndProject
Project("{374DDDE6-9368-BB0E-8EC2-8399465D6EAE}") = "Game (GitHub)", "Assembly-CSharp-Editor-firstpass.csproj", "{49EFBE0C-0EA5-4C7B-7AF6-A850E3568EBD}"
EndProject
Project("{374DDDE6-9368-BB0E-8EC2-8399465D6EAE}") = "Game (GitHub)", "Assembly-CSharp-Editor.csproj", "{74942109-7C06-3F5A-151C-E35538B292F0}"
EndProject
Global
	GlobalSection(SolutionConfigurationPlatforms) = preSolution
		Debug|Any CPU = Debug|Any CPU
		Release|Any CPU = Release|Any CPU
	EndGlobalSection
	GlobalSection(ProjectConfigurationPlatforms) = postSolution
		{93B56B03-2138-A477-807E-0CCD1E5BC85A}.Debug|Any CPU.ActiveCfg = Debug|Any CPU
		{93B56B03-2138-A477-807E-0CCD1E5BC85A}.Debug|Any CPU.Build.0 = Debug|Any CPU
		{93B56B03-2138-A477-807E-0CCD1E5BC85A}.Release|Any CPU.ActiveCfg = Release|Any CPU
		{93B56B03-2138-A477-807E-0CCD1E5BC85A}.Release|Any CPU.Build.0 = Release|Any CPU
		{D85FF509-A77A-678C-DD69-535C647EB1B6}.Debug|Any CPU.ActiveCfg = Debug|Any CPU
		{D85FF509-A77A-678C-DD69-535C647EB1B6}.Debug|Any CPU.Build.0 = Debug|Any CPU
		{D85FF509-A77A-678C-DD69-535C647EB1B6}.Release|Any CPU.ActiveCfg = Release|Any CPU
		{D85FF509-A77A-678C-DD69-535C647EB1B6}.Release|Any CPU.Build.0 = Release|Any CPU
		{49EFBE0C-0EA5-4C7B-7AF6-A850E3568EBD}.Debug|Any CPU.ActiveCfg = Debug|Any CPU
		{49EFBE0C-0EA5-4C7B-7AF6-A850E3568EBD}.Debug|Any CPU.Build.0 = Debug|Any CPU
		{49EFBE0C-0EA5-4C7B-7AF6-A850E3568EBD}.Release|Any CPU.ActiveCfg = Release|Any CPU
		{49EFBE0C-0EA5-4C7B-7AF6-A850E3568EBD}.Release|Any CPU.Build.0 = Release|Any CPU
		{74942109-7C06-3F5A-151C-E35538B292F0}.Debug|Any CPU.ActiveCfg = Debug|Any CPU
		{74942109-7C06-3F5A-151C-E35538B292F0}.Debug|Any CPU.Build.0 = Debug|Any CPU
		{74942109-7C06-3F5A-151C-E35538B292F0}.Release|Any CPU.ActiveCfg = Release|Any CPU
		{74942109-7C06-3F5A-151C-E35538B292F0}.Release|Any CPU.Build.0 = Release|Any CPU
	EndGlobalSection
	GlobalSection(SolutionProperties) = preSolution
		HideSolutionNode = FALSE
	EndGlobalSection
	GlobalSection(MonoDevelopProperties) = preSolution
		StartupItem = Assembly-CSharp.csproj
	EndGlobalSection
EndGlobal
